
Microsoft Visual Studio Solution File, Format Version 12.00
# Visual Studio Version 17
VisualStudioVersion = 17.10.35122.118
MinimumVisualStudioVersion = 10.0.40219.1
Project("{FAE04EC0-301F-11D3-BF4B-00C04F79EFBC}") = "AbstractFactory", "AbstractFactory.csproj", "{71578316-39BA-4E9E-B50C-9B7DF38F965A}"
EndProject
Global
	GlobalSection(SolutionConfigurationPlatforms) = preSolution
		Debug|Any CPU = Debug|Any CPU
		Release|Any CPU = Release|Any CPU
	EndGlobalSection
	GlobalSection(ProjectConfigurationPlatforms) = postSolution
		{71578316-39BA-4E9E-B50C-9B7DF38F965A}.Debug|Any CPU.ActiveCfg = Debug|Any CPU
		{71578316-39BA-4E9E-B50C-9B7DF38F965A}.Debug|Any CPU.Build.0 = Debug|Any CPU
		{71578316-39BA-4E9E-B50C-9B7DF38F965A}.Release|Any CPU.ActiveCfg = Release|Any CPU
		{71578316-39BA-4E9E-B50C-9B7DF38F965A}.Release|Any CPU.Build.0 = Release|Any CPU
	EndGlobalSection
	GlobalSection(SolutionProperties) = preSolution
		HideSolutionNode = FALSE
	EndGlobalSection
	GlobalSection(ExtensibilityGlobals) = postSolution
		SolutionGuid = {6226F5AC-D604-4493-BBE9-FA296D455AB1}
	EndGlobalSection
EndGlobal
